
Microsoft Visual Studio Solution File, Format Version 12.00
# Visual Studio Version 17
VisualStudioVersion = 17.9.34728.123
MinimumVisualStudioVersion = 10.0.40219.1
Project("{9A19103F-16F7-4668-BE54-9A1E7A4F7556}") = "UI", "UI\UI.csproj", "{30689C8D-B592-4B81-B9BD-3E5719E30CBB}"
EndProject
Project("{9A19103F-16F7-4668-BE54-9A1E7A4F7556}") = "PlcClient", "PlcClient\PlcClient.csproj", "{0671360B-4198-471E-95CB-03EB2A8A8CFE}"
	ProjectSection(ProjectDependencies) = postProject
		{AECD30F2-2435-4AB7-B912-B62FD95FA791} = {AECD30F2-2435-4AB7-B912-B62FD95FA791}
	EndProjectSection
EndProject
Project("{9A19103F-16F7-4668-BE54-9A1E7A4F7556}") = "TDOs", "TDOs\TDOs.csproj", "{AECD30F2-2435-4AB7-B912-B62FD95FA791}"
EndProject
Project("{2150E333-8FDC-42A3-9474-1A3956D46DE8}") = "Solution Items", "Solution Items", "{1E7D84D0-3A2B-409D-BAEB-FB5F6266F0CE}"
	ProjectSection(SolutionItems) = preProject
		..\README.md = ..\README.md
	EndProjectSection
EndProject
Global
	GlobalSection(SolutionConfigurationPlatforms) = preSolution
		Debug|Any CPU = Debug|Any CPU
		Release|Any CPU = Release|Any CPU
	EndGlobalSection
	GlobalSection(ProjectConfigurationPlatforms) = postSolution
		{30689C8D-B592-4B81-B9BD-3E5719E30CBB}.Debug|Any CPU.ActiveCfg = Debug|Any CPU
		{30689C8D-B592-4B81-B9BD-3E5719E30CBB}.Debug|Any CPU.Build.0 = Debug|Any CPU
		{30689C8D-B592-4B81-B9BD-3E5719E30CBB}.Release|Any CPU.ActiveCfg = Release|Any CPU
		{30689C8D-B592-4B81-B9BD-3E5719E30CBB}.Release|Any CPU.Build.0 = Release|Any CPU
		{0671360B-4198-471E-95CB-03EB2A8A8CFE}.Debug|Any CPU.ActiveCfg = Debug|Any CPU
		{0671360B-4198-471E-95CB-03EB2A8A8CFE}.Debug|Any CPU.Build.0 = Debug|Any CPU
		{0671360B-4198-471E-95CB-03EB2A8A8CFE}.Release|Any CPU.ActiveCfg = Release|Any CPU
		{0671360B-4198-471E-95CB-03EB2A8A8CFE}.Release|Any CPU.Build.0 = Release|Any CPU
		{AECD30F2-2435-4AB7-B912-B62FD95FA791}.Debug|Any CPU.ActiveCfg = Debug|Any CPU
		{AECD30F2-2435-4AB7-B912-B62FD95FA791}.Debug|Any CPU.Build.0 = Debug|Any CPU
		{AECD30F2-2435-4AB7-B912-B62FD95FA791}.Release|Any CPU.ActiveCfg = Release|Any CPU
		{AECD30F2-2435-4AB7-B912-B62FD95FA791}.Release|Any CPU.Build.0 = Release|Any CPU
	EndGlobalSection
	GlobalSection(SolutionProperties) = preSolution
		HideSolutionNode = FALSE
	EndGlobalSection
	GlobalSection(ExtensibilityGlobals) = postSolution
		SolutionGuid = {E3B62A7B-E46E-48DB-B6C5-D1F28C40DB00}
	EndGlobalSection
EndGlobal
